# THIS IS AN AUTOGENERATED FILE. DO NOT EDIT THIS FILE DIRECTLY.
# yarn lockfile v1


"dt.general.composable@https://gitpkg.now.sh/DiscreteTom/unity3d-utils/General/Composable?composable-0.1.0":
  version "0.1.0"
  resolved "https://gitpkg.now.sh/DiscreteTom/unity3d-utils/General/Composable?composable-0.1.0#a457cce1f9aaa44cfc61a59a5e7ef7f8def03e9e"

"dt.general.ioc@https://gitpkg.now.sh/DiscreteTom/unity3d-utils/General/IoC?ioc-0.1.0":
  version "0.1.0"
  resolved "https://gitpkg.now.sh/DiscreteTom/unity3d-utils/General/IoC?ioc-0.1.0#636432d3b86b4be5aba099b2ecef45465972d787"
