# THIS IS AN AUTOGENERATED FILE. DO NOT EDIT THIS FILE DIRECTLY.
# yarn lockfile v1


"dt.general.ioc@https://gitpkg.now.sh/DiscreteTom/unity3d-utils/General/IoC?ioc-0.1.0":
  version "0.1.0"
  resolved "https://gitpkg.now.sh/DiscreteTom/unity3d-utils/General/IoC?ioc-0.1.0#636432d3b86b4be5aba099b2ecef45465972d787"
