# THIS IS AN AUTOGENERATED FILE. DO NOT EDIT THIS FILE DIRECTLY.
# yarn lockfile v1


"dt.general.layer-mask-extension@https://gitpkg.now.sh/DiscreteTom/unity3d-utils/General/LayerMaskExtension?main":
  version "0.0.1"
  resolved "https://gitpkg.now.sh/DiscreteTom/unity3d-utils/General/LayerMaskExtension?main#a6ce1df4a4fe2fc6a6f430cd37034b49a5e7ad24"
