# THIS IS AN AUTOGENERATED FILE. DO NOT EDIT THIS FILE DIRECTLY.
# yarn lockfile v1


"dt.general.layer-mask-extension@https://gitpkg.now.sh/DiscreteTom/unity3d-utils/General/LayerExtension?main":
  version "0.0.1"
  resolved "https://gitpkg.now.sh/DiscreteTom/unity3d-utils/General/LayerExtension?main#6544b1c6d360fd67b6790980e7a0f0eba4c4aa14"
